
Microsoft Visual Studio Solution File, Format Version 12.00
# Visual Studio Version 17
VisualStudioVersion = 17.12.35527.113 d17.12
MinimumVisualStudioVersion = 10.0.40219.1
Project("{FAE04EC0-301F-11D3-BF4B-00C04F79EFBC}") = "LiteInjector581", "LiteInjector581\LiteInjector581.csproj", "{13777EE6-4FC6-4760-A264-757958D5CEED}"
EndProject
Global
	GlobalSection(SolutionConfigurationPlatforms) = preSolution
		Debug|Any CPU = Debug|Any CPU
		Release|Any CPU = Release|Any CPU
	EndGlobalSection
	GlobalSection(ProjectConfigurationPlatforms) = postSolution
		{13777EE6-4FC6-4760-A264-757958D5CEED}.Debug|Any CPU.ActiveCfg = Debug|Any CPU
		{13777EE6-4FC6-4760-A264-757958D5CEED}.Debug|Any CPU.Build.0 = Debug|Any CPU
		{13777EE6-4FC6-4760-A264-757958D5CEED}.Release|Any CPU.ActiveCfg = Release|Any CPU
		{13777EE6-4FC6-4760-A264-757958D5CEED}.Release|Any CPU.Build.0 = Release|Any CPU
	EndGlobalSection
	GlobalSection(SolutionProperties) = preSolution
		HideSolutionNode = FALSE
	EndGlobalSection
EndGlobal
